
Microsoft Visual Studio Solution File, Format Version 12.00
# Visual Studio Version 17
VisualStudioVersion = 17.6.33717.318
MinimumVisualStudioVersion = 10.0.40219.1
Project("{FAE04EC0-301F-11D3-BF4B-00C04F79EFBC}") = "EX1", "EX1\EX1.csproj", "{51C2A12A-59EC-4EC1-A56A-1BE5C7FF4ADC}"
EndProject
Project("{FAE04EC0-301F-11D3-BF4B-00C04F79EFBC}") = "EX3", "EX3\EX3.csproj", "{6BD2CCA9-2476-43D8-BDB6-EE14EDB34C49}"
EndProject
Project("{FAE04EC0-301F-11D3-BF4B-00C04F79EFBC}") = "Lesson4_EX1", "Lesson4_EX1\Lesson4_EX1.csproj", "{C7BEC53B-F102-411F-AC4E-92F999766CB2}"
EndProject
Project("{FAE04EC0-301F-11D3-BF4B-00C04F79EFBC}") = "Lesson4_EX2", "Lesson4_EX2\Lesson4_EX2.csproj", "{7EF07D25-469E-4211-BC42-A4CCF9B083B0}"
EndProject
Project("{FAE04EC0-301F-11D3-BF4B-00C04F79EFBC}") = "Lesson5_EX1", "Lesson5_EX1\Lesson5_EX1.csproj", "{B9CABB70-DA52-4F77-92B8-44C732919B4B}"
EndProject
Project("{FAE04EC0-301F-11D3-BF4B-00C04F79EFBC}") = "Lesson5_EX4", "Lesson5_EX4\Lesson5_EX4.csproj", "{0D94BFE3-FBA0-4952-9845-198DCD351F77}"
EndProject
Project("{FAE04EC0-301F-11D3-BF4B-00C04F79EFBC}") = "Lesson5_EX5", "Lesson5_EX5\Lesson5_EX5.csproj", "{C6EADCF6-D7F2-480A-97BA-95595BCEB3BF}"
EndProject
Project("{FAE04EC0-301F-11D3-BF4B-00C04F79EFBC}") = "Lesson6_EX1", "Lesson6_EX1\Lesson6_EX1.csproj", "{03FF1446-A4D9-4B6D-B00B-D7473EAEC6A8}"
EndProject
Project("{FAE04EC0-301F-11D3-BF4B-00C04F79EFBC}") = "Lesson6_EX2", "Lesson6_EX2\Lesson6_EX2.csproj", "{40C117F6-6DF5-4496-8199-9902030965B1}"
EndProject
Project("{FAE04EC0-301F-11D3-BF4B-00C04F79EFBC}") = "Lesson7_EX1", "Lesson7_EX1\Lesson7_EX1.csproj", "{B0789583-2B37-4C11-B6B8-4B9B39B60C8D}"
EndProject
Project("{FAE04EC0-301F-11D3-BF4B-00C04F79EFBC}") = "Lesson7_EX2", "Lesson7_EX2\Lesson7_EX2.csproj", "{011E13FD-94A6-43E8-95FD-98640060DBF9}"
EndProject
Project("{FAE04EC0-301F-11D3-BF4B-00C04F79EFBC}") = "Lesson8_EX1", "Lesson8_EX1\Lesson8_EX1.csproj", "{63443393-2187-4C30-8A4F-9F61FF4364C1}"
EndProject
Project("{FAE04EC0-301F-11D3-BF4B-00C04F79EFBC}") = "Lesson8_EX2", "Lesson8_EX2\Lesson8_EX2.csproj", "{579ADF1B-05F7-4737-A3B1-42358CE6449F}"
EndProject
Project("{FAE04EC0-301F-11D3-BF4B-00C04F79EFBC}") = "Lesson8_EX3", "Lesson8_EX3\Lesson8_EX3.csproj", "{B8B7EF81-8EE2-4E61-B3EE-C06114F6B9F2}"
EndProject
Project("{FAE04EC0-301F-11D3-BF4B-00C04F79EFBC}") = "Lesson9_EX1", "Lesson9_EX1\Lesson9_EX1.csproj", "{6E343B7B-005D-4716-8A8E-172405908F99}"
EndProject
Project("{FAE04EC0-301F-11D3-BF4B-00C04F79EFBC}") = "Lesson2_EX1,2,3", "Lesson2_EX1,2,3\Lesson2_EX1,2,3.csproj", "{172C99B0-7361-424D-85F4-871491F91CC1}"
EndProject
Project("{FAE04EC0-301F-11D3-BF4B-00C04F79EFBC}") = "Lesson10", "Lesson10\Lesson10.csproj", "{333D6E73-937D-4E8D-9FA5-32420D46DCBC}"
EndProject
Project("{FAE04EC0-301F-11D3-BF4B-00C04F79EFBC}") = "Lesson11", "Lesson11\Lesson11.csproj", "{F36546DA-43F3-482D-8D05-3467F64B4185}"
EndProject
Project("{FAE04EC0-301F-11D3-BF4B-00C04F79EFBC}") = "Lesson12", "Lesson12\Lesson12.csproj", "{CAADBB36-9C04-470B-A25C-270353A5AF31}"
EndProject
Project("{FAE04EC0-301F-11D3-BF4B-00C04F79EFBC}") = "Lesson13", "Lesson13\Lesson13.csproj", "{11AE43A4-BDD2-4478-A826-9A70144BA6F9}"
EndProject
Project("{FAE04EC0-301F-11D3-BF4B-00C04F79EFBC}") = "Lesson14", "Lesson14\Lesson14.csproj", "{2705AD4F-D366-4AE9-B1A8-3EADA0550488}"
EndProject
Project("{FAE04EC0-301F-11D3-BF4B-00C04F79EFBC}") = "Lesson15", "Lesson15\Lesson15.csproj", "{2646499E-D8BA-4BE7-9B4B-53C0FC4EC911}"
EndProject
Project("{FAE04EC0-301F-11D3-BF4B-00C04F79EFBC}") = "Lesson16.Write", "Lesson16\Lesson16.Write.csproj", "{027F11B6-F952-4D8E-960A-838D7D240A4D}"
EndProject
Project("{FAE04EC0-301F-11D3-BF4B-00C04F79EFBC}") = "Lesson16.Read", "Lesson16.Read\Lesson16.Read.csproj", "{08B0D3B7-9EA7-4A2E-B12B-8343AB0B5A12}"
EndProject
Project("{FAE04EC0-301F-11D3-BF4B-00C04F79EFBC}") = "Lesson17", "Lesson17\Lesson17.csproj", "{935A2F06-17E6-4EB9-8A96-D207C2420813}"
EndProject
Project("{FAE04EC0-301F-11D3-BF4B-00C04F79EFBC}") = "Lesson18", "Lesson18\Lesson18.csproj", "{E2A81790-6B2E-4E24-952A-5470CC542291}"
EndProject
Project("{FAE04EC0-301F-11D3-BF4B-00C04F79EFBC}") = "Lesson19", "Lesson19\Lesson19.csproj", "{34C45C24-95CF-4418-B5C4-3A001EF82F3C}"
EndProject
Project("{FAE04EC0-301F-11D3-BF4B-00C04F79EFBC}") = "Lesson20", "Lesson20\Lesson20.csproj", "{BE3F8877-890E-41D4-9923-66C9C2BE0710}"
EndProject
Project("{FAE04EC0-301F-11D3-BF4B-00C04F79EFBC}") = "Lesson21", "Lesson21\Lesson21.csproj", "{2B73454B-4D8E-4694-865A-5B594116E63F}"
EndProject
Project("{FAE04EC0-301F-11D3-BF4B-00C04F79EFBC}") = "Lesson22", "Lesson22\Lesson22.csproj", "{A46DD995-853C-4038-8221-15D84060A7A3}"
EndProject
Global
	GlobalSection(SolutionConfigurationPlatforms) = preSolution
		Debug|Any CPU = Debug|Any CPU
		Release|Any CPU = Release|Any CPU
	EndGlobalSection
	GlobalSection(ProjectConfigurationPlatforms) = postSolution
		{51C2A12A-59EC-4EC1-A56A-1BE5C7FF4ADC}.Debug|Any CPU.ActiveCfg = Debug|Any CPU
		{51C2A12A-59EC-4EC1-A56A-1BE5C7FF4ADC}.Debug|Any CPU.Build.0 = Debug|Any CPU
		{51C2A12A-59EC-4EC1-A56A-1BE5C7FF4ADC}.Release|Any CPU.ActiveCfg = Release|Any CPU
		{51C2A12A-59EC-4EC1-A56A-1BE5C7FF4ADC}.Release|Any CPU.Build.0 = Release|Any CPU
		{6BD2CCA9-2476-43D8-BDB6-EE14EDB34C49}.Debug|Any CPU.ActiveCfg = Debug|Any CPU
		{6BD2CCA9-2476-43D8-BDB6-EE14EDB34C49}.Debug|Any CPU.Build.0 = Debug|Any CPU
		{6BD2CCA9-2476-43D8-BDB6-EE14EDB34C49}.Release|Any CPU.ActiveCfg = Release|Any CPU
		{6BD2CCA9-2476-43D8-BDB6-EE14EDB34C49}.Release|Any CPU.Build.0 = Release|Any CPU
		{C7BEC53B-F102-411F-AC4E-92F999766CB2}.Debug|Any CPU.ActiveCfg = Debug|Any CPU
		{C7BEC53B-F102-411F-AC4E-92F999766CB2}.Debug|Any CPU.Build.0 = Debug|Any CPU
		{C7BEC53B-F102-411F-AC4E-92F999766CB2}.Release|Any CPU.ActiveCfg = Release|Any CPU
		{C7BEC53B-F102-411F-AC4E-92F999766CB2}.Release|Any CPU.Build.0 = Release|Any CPU
		{7EF07D25-469E-4211-BC42-A4CCF9B083B0}.Debug|Any CPU.ActiveCfg = Debug|Any CPU
		{7EF07D25-469E-4211-BC42-A4CCF9B083B0}.Debug|Any CPU.Build.0 = Debug|Any CPU
		{7EF07D25-469E-4211-BC42-A4CCF9B083B0}.Release|Any CPU.ActiveCfg = Release|Any CPU
		{7EF07D25-469E-4211-BC42-A4CCF9B083B0}.Release|Any CPU.Build.0 = Release|Any CPU
		{B9CABB70-DA52-4F77-92B8-44C732919B4B}.Debug|Any CPU.ActiveCfg = Debug|Any CPU
		{B9CABB70-DA52-4F77-92B8-44C732919B4B}.Debug|Any CPU.Build.0 = Debug|Any CPU
		{B9CABB70-DA52-4F77-92B8-44C732919B4B}.Release|Any CPU.ActiveCfg = Release|Any CPU
		{B9CABB70-DA52-4F77-92B8-44C732919B4B}.Release|Any CPU.Build.0 = Release|Any CPU
		{0D94BFE3-FBA0-4952-9845-198DCD351F77}.Debug|Any CPU.ActiveCfg = Debug|Any CPU
		{0D94BFE3-FBA0-4952-9845-198DCD351F77}.Debug|Any CPU.Build.0 = Debug|Any CPU
		{0D94BFE3-FBA0-4952-9845-198DCD351F77}.Release|Any CPU.ActiveCfg = Release|Any CPU
		{0D94BFE3-FBA0-4952-9845-198DCD351F77}.Release|Any CPU.Build.0 = Release|Any CPU
		{C6EADCF6-D7F2-480A-97BA-95595BCEB3BF}.Debug|Any CPU.ActiveCfg = Debug|Any CPU
		{C6EADCF6-D7F2-480A-97BA-95595BCEB3BF}.Debug|Any CPU.Build.0 = Debug|Any CPU
		{C6EADCF6-D7F2-480A-97BA-95595BCEB3BF}.Release|Any CPU.ActiveCfg = Release|Any CPU
		{C6EADCF6-D7F2-480A-97BA-95595BCEB3BF}.Release|Any CPU.Build.0 = Release|Any CPU
		{03FF1446-A4D9-4B6D-B00B-D7473EAEC6A8}.Debug|Any CPU.ActiveCfg = Debug|Any CPU
		{03FF1446-A4D9-4B6D-B00B-D7473EAEC6A8}.Debug|Any CPU.Build.0 = Debug|Any CPU
		{03FF1446-A4D9-4B6D-B00B-D7473EAEC6A8}.Release|Any CPU.ActiveCfg = Release|Any CPU
		{03FF1446-A4D9-4B6D-B00B-D7473EAEC6A8}.Release|Any CPU.Build.0 = Release|Any CPU
		{40C117F6-6DF5-4496-8199-9902030965B1}.Debug|Any CPU.ActiveCfg = Debug|Any CPU
		{40C117F6-6DF5-4496-8199-9902030965B1}.Debug|Any CPU.Build.0 = Debug|Any CPU
		{40C117F6-6DF5-4496-8199-9902030965B1}.Release|Any CPU.ActiveCfg = Release|Any CPU
		{40C117F6-6DF5-4496-8199-9902030965B1}.Release|Any CPU.Build.0 = Release|Any CPU
		{B0789583-2B37-4C11-B6B8-4B9B39B60C8D}.Debug|Any CPU.ActiveCfg = Debug|Any CPU
		{B0789583-2B37-4C11-B6B8-4B9B39B60C8D}.Debug|Any CPU.Build.0 = Debug|Any CPU
		{B0789583-2B37-4C11-B6B8-4B9B39B60C8D}.Release|Any CPU.ActiveCfg = Release|Any CPU
		{B0789583-2B37-4C11-B6B8-4B9B39B60C8D}.Release|Any CPU.Build.0 = Release|Any CPU
		{011E13FD-94A6-43E8-95FD-98640060DBF9}.Debug|Any CPU.ActiveCfg = Debug|Any CPU
		{011E13FD-94A6-43E8-95FD-98640060DBF9}.Debug|Any CPU.Build.0 = Debug|Any CPU
		{011E13FD-94A6-43E8-95FD-98640060DBF9}.Release|Any CPU.ActiveCfg = Release|Any CPU
		{011E13FD-94A6-43E8-95FD-98640060DBF9}.Release|Any CPU.Build.0 = Release|Any CPU
		{63443393-2187-4C30-8A4F-9F61FF4364C1}.Debug|Any CPU.ActiveCfg = Debug|Any CPU
		{63443393-2187-4C30-8A4F-9F61FF4364C1}.Debug|Any CPU.Build.0 = Debug|Any CPU
		{63443393-2187-4C30-8A4F-9F61FF4364C1}.Release|Any CPU.ActiveCfg = Release|Any CPU
		{63443393-2187-4C30-8A4F-9F61FF4364C1}.Release|Any CPU.Build.0 = Release|Any CPU
		{579ADF1B-05F7-4737-A3B1-42358CE6449F}.Debug|Any CPU.ActiveCfg = Debug|Any CPU
		{579ADF1B-05F7-4737-A3B1-42358CE6449F}.Debug|Any CPU.Build.0 = Debug|Any CPU
		{579ADF1B-05F7-4737-A3B1-42358CE6449F}.Release|Any CPU.ActiveCfg = Release|Any CPU
		{579ADF1B-05F7-4737-A3B1-42358CE6449F}.Release|Any CPU.Build.0 = Release|Any CPU
		{B8B7EF81-8EE2-4E61-B3EE-C06114F6B9F2}.Debug|Any CPU.ActiveCfg = Debug|Any CPU
		{B8B7EF81-8EE2-4E61-B3EE-C06114F6B9F2}.Debug|Any CPU.Build.0 = Debug|Any CPU
		{B8B7EF81-8EE2-4E61-B3EE-C06114F6B9F2}.Release|Any CPU.ActiveCfg = Release|Any CPU
		{B8B7EF81-8EE2-4E61-B3EE-C06114F6B9F2}.Release|Any CPU.Build.0 = Release|Any CPU
		{6E343B7B-005D-4716-8A8E-172405908F99}.Debug|Any CPU.ActiveCfg = Debug|Any CPU
		{6E343B7B-005D-4716-8A8E-172405908F99}.Debug|Any CPU.Build.0 = Debug|Any CPU
		{6E343B7B-005D-4716-8A8E-172405908F99}.Release|Any CPU.ActiveCfg = Release|Any CPU
		{6E343B7B-005D-4716-8A8E-172405908F99}.Release|Any CPU.Build.0 = Release|Any CPU
		{172C99B0-7361-424D-85F4-871491F91CC1}.Debug|Any CPU.ActiveCfg = Debug|Any CPU
		{172C99B0-7361-424D-85F4-871491F91CC1}.Debug|Any CPU.Build.0 = Debug|Any CPU
		{172C99B0-7361-424D-85F4-871491F91CC1}.Release|Any CPU.ActiveCfg = Release|Any CPU
		{172C99B0-7361-424D-85F4-871491F91CC1}.Release|Any CPU.Build.0 = Release|Any CPU
		{333D6E73-937D-4E8D-9FA5-32420D46DCBC}.Debug|Any CPU.ActiveCfg = Debug|Any CPU
		{333D6E73-937D-4E8D-9FA5-32420D46DCBC}.Debug|Any CPU.Build.0 = Debug|Any CPU
		{333D6E73-937D-4E8D-9FA5-32420D46DCBC}.Release|Any CPU.ActiveCfg = Release|Any CPU
		{333D6E73-937D-4E8D-9FA5-32420D46DCBC}.Release|Any CPU.Build.0 = Release|Any CPU
		{F36546DA-43F3-482D-8D05-3467F64B4185}.Debug|Any CPU.ActiveCfg = Debug|Any CPU
		{F36546DA-43F3-482D-8D05-3467F64B4185}.Debug|Any CPU.Build.0 = Debug|Any CPU
		{F36546DA-43F3-482D-8D05-3467F64B4185}.Release|Any CPU.ActiveCfg = Release|Any CPU
		{F36546DA-43F3-482D-8D05-3467F64B4185}.Release|Any CPU.Build.0 = Release|Any CPU
		{CAADBB36-9C04-470B-A25C-270353A5AF31}.Debug|Any CPU.ActiveCfg = Debug|Any CPU
		{CAADBB36-9C04-470B-A25C-270353A5AF31}.Debug|Any CPU.Build.0 = Debug|Any CPU
		{CAADBB36-9C04-470B-A25C-270353A5AF31}.Release|Any CPU.ActiveCfg = Release|Any CPU
		{CAADBB36-9C04-470B-A25C-270353A5AF31}.Release|Any CPU.Build.0 = Release|Any CPU
		{11AE43A4-BDD2-4478-A826-9A70144BA6F9}.Debug|Any CPU.ActiveCfg = Debug|Any CPU
		{11AE43A4-BDD2-4478-A826-9A70144BA6F9}.Debug|Any CPU.Build.0 = Debug|Any CPU
		{11AE43A4-BDD2-4478-A826-9A70144BA6F9}.Release|Any CPU.ActiveCfg = Release|Any CPU
		{11AE43A4-BDD2-4478-A826-9A70144BA6F9}.Release|Any CPU.Build.0 = Release|Any CPU
		{2705AD4F-D366-4AE9-B1A8-3EADA0550488}.Debug|Any CPU.ActiveCfg = Debug|Any CPU
		{2705AD4F-D366-4AE9-B1A8-3EADA0550488}.Debug|Any CPU.Build.0 = Debug|Any CPU
		{2705AD4F-D366-4AE9-B1A8-3EADA0550488}.Release|Any CPU.ActiveCfg = Release|Any CPU
		{2705AD4F-D366-4AE9-B1A8-3EADA0550488}.Release|Any CPU.Build.0 = Release|Any CPU
		{2646499E-D8BA-4BE7-9B4B-53C0FC4EC911}.Debug|Any CPU.ActiveCfg = Debug|Any CPU
		{2646499E-D8BA-4BE7-9B4B-53C0FC4EC911}.Debug|Any CPU.Build.0 = Debug|Any CPU
		{2646499E-D8BA-4BE7-9B4B-53C0FC4EC911}.Release|Any CPU.ActiveCfg = Release|Any CPU
		{2646499E-D8BA-4BE7-9B4B-53C0FC4EC911}.Release|Any CPU.Build.0 = Release|Any CPU
		{027F11B6-F952-4D8E-960A-838D7D240A4D}.Debug|Any CPU.ActiveCfg = Debug|Any CPU
		{027F11B6-F952-4D8E-960A-838D7D240A4D}.Debug|Any CPU.Build.0 = Debug|Any CPU
		{027F11B6-F952-4D8E-960A-838D7D240A4D}.Release|Any CPU.ActiveCfg = Release|Any CPU
		{027F11B6-F952-4D8E-960A-838D7D240A4D}.Release|Any CPU.Build.0 = Release|Any CPU
		{08B0D3B7-9EA7-4A2E-B12B-8343AB0B5A12}.Debug|Any CPU.ActiveCfg = Debug|Any CPU
		{08B0D3B7-9EA7-4A2E-B12B-8343AB0B5A12}.Debug|Any CPU.Build.0 = Debug|Any CPU
		{08B0D3B7-9EA7-4A2E-B12B-8343AB0B5A12}.Release|Any CPU.ActiveCfg = Release|Any CPU
		{08B0D3B7-9EA7-4A2E-B12B-8343AB0B5A12}.Release|Any CPU.Build.0 = Release|Any CPU
		{935A2F06-17E6-4EB9-8A96-D207C2420813}.Debug|Any CPU.ActiveCfg = Debug|Any CPU
		{935A2F06-17E6-4EB9-8A96-D207C2420813}.Debug|Any CPU.Build.0 = Debug|Any CPU
		{935A2F06-17E6-4EB9-8A96-D207C2420813}.Release|Any CPU.ActiveCfg = Release|Any CPU
		{935A2F06-17E6-4EB9-8A96-D207C2420813}.Release|Any CPU.Build.0 = Release|Any CPU
		{E2A81790-6B2E-4E24-952A-5470CC542291}.Debug|Any CPU.ActiveCfg = Debug|Any CPU
		{E2A81790-6B2E-4E24-952A-5470CC542291}.Debug|Any CPU.Build.0 = Debug|Any CPU
		{E2A81790-6B2E-4E24-952A-5470CC542291}.Release|Any CPU.ActiveCfg = Release|Any CPU
		{E2A81790-6B2E-4E24-952A-5470CC542291}.Release|Any CPU.Build.0 = Release|Any CPU
		{34C45C24-95CF-4418-B5C4-3A001EF82F3C}.Debug|Any CPU.ActiveCfg = Debug|Any CPU
		{34C45C24-95CF-4418-B5C4-3A001EF82F3C}.Debug|Any CPU.Build.0 = Debug|Any CPU
		{34C45C24-95CF-4418-B5C4-3A001EF82F3C}.Release|Any CPU.ActiveCfg = Release|Any CPU
		{34C45C24-95CF-4418-B5C4-3A001EF82F3C}.Release|Any CPU.Build.0 = Release|Any CPU
		{BE3F8877-890E-41D4-9923-66C9C2BE0710}.Debug|Any CPU.ActiveCfg = Debug|Any CPU
		{BE3F8877-890E-41D4-9923-66C9C2BE0710}.Debug|Any CPU.Build.0 = Debug|Any CPU
		{BE3F8877-890E-41D4-9923-66C9C2BE0710}.Release|Any CPU.ActiveCfg = Release|Any CPU
		{BE3F8877-890E-41D4-9923-66C9C2BE0710}.Release|Any CPU.Build.0 = Release|Any CPU
		{2B73454B-4D8E-4694-865A-5B594116E63F}.Debug|Any CPU.ActiveCfg = Debug|Any CPU
		{2B73454B-4D8E-4694-865A-5B594116E63F}.Debug|Any CPU.Build.0 = Debug|Any CPU
		{2B73454B-4D8E-4694-865A-5B594116E63F}.Release|Any CPU.ActiveCfg = Release|Any CPU
		{2B73454B-4D8E-4694-865A-5B594116E63F}.Release|Any CPU.Build.0 = Release|Any CPU
		{A46DD995-853C-4038-8221-15D84060A7A3}.Debug|Any CPU.ActiveCfg = Debug|Any CPU
		{A46DD995-853C-4038-8221-15D84060A7A3}.Debug|Any CPU.Build.0 = Debug|Any CPU
		{A46DD995-853C-4038-8221-15D84060A7A3}.Release|Any CPU.ActiveCfg = Release|Any CPU
		{A46DD995-853C-4038-8221-15D84060A7A3}.Release|Any CPU.Build.0 = Release|Any CPU
	EndGlobalSection
	GlobalSection(SolutionProperties) = preSolution
		HideSolutionNode = FALSE
	EndGlobalSection
	GlobalSection(ExtensibilityGlobals) = postSolution
		SolutionGuid = {CC51D647-8543-47EE-BF2C-68E6C0420A96}
	EndGlobalSection
EndGlobal
